
Microsoft Visual Studio Solution File, Format Version 12.00
# Visual Studio Version 17
VisualStudioVersion = 17.5.2.0
MinimumVisualStudioVersion = 10.0.40219.1
Project("{2150E333-8FDC-42A3-9474-1A3956D46DE8}") = "src", "src", "{827E0CD3-B72D-47B6-A68D-7590B98EB39B}"
EndProject
Project("{FAE04EC0-301F-11D3-BF4B-00C04F79EFBC}") = "ProjectPilot.Agents", "src\ProjectPilot.Agents\ProjectPilot.Agents.csproj", "{59591771-8896-C869-B99D-A92DA24213D0}"
EndProject
Project("{FAE04EC0-301F-11D3-BF4B-00C04F79EFBC}") = "ProjectPilot.LLM", "src\ProjectPilot.LLM\ProjectPilot.LLM.csproj", "{CB92B8D0-F085-CD80-B60C-39C8B4162C46}"
EndProject
Project("{FAE04EC0-301F-11D3-BF4B-00C04F79EFBC}") = "ProjectPilot.Web", "src\ProjectPilot.Web\ProjectPilot.Web.csproj", "{D4E5F6A7-B8C9-D0E1-F2A3-B4C5D6E7F8A9}"
EndProject
Project("{FAE04EC0-301F-11D3-BF4B-00C04F79EFBC}") = "ProjectPilot.UI", "src\ProjectPilot.UI\ProjectPilot.UI.csproj", "{B86CB985-DC84-4D8A-8E4A-EAC32684640B}"
EndProject
Project("{2150E333-8FDC-42A3-9474-1A3956D46DE8}") = "tests", "tests", "{0AB3BF05-4346-4AA6-1389-037BE0695223}"
EndProject
Project("{FAE04EC0-301F-11D3-BF4B-00C04F79EFBC}") = "ProjectPilot.Agents.Tests", "tests\ProjectPilot.Agents.Tests\ProjectPilot.Agents.Tests.csproj", "{01065DF6-9E3B-49B1-9BC6-57D2E2D5CCD6}"
EndProject
Project("{FAE04EC0-301F-11D3-BF4B-00C04F79EFBC}") = "ProjectPilot.LLM.Tests", "tests\ProjectPilot.LLM.Tests\ProjectPilot.LLM.Tests.csproj", "{B83B7D5D-ABF4-4A25-AE5E-1C999AA6C075}"
EndProject
Project("{FAE04EC0-301F-11D3-BF4B-00C04F79EFBC}") = "ProjectPilot.Web.Tests", "tests\ProjectPilot.Web.Tests\ProjectPilot.Web.Tests.csproj", "{CEDCF367-9E17-4128-AA60-2F30FBB63677}"
EndProject
Project("{FAE04EC0-301F-11D3-BF4B-00C04F79EFBC}") = "ProjectPilot.UI.Tests", "tests\ProjectPilot.UI.Tests\ProjectPilot.UI.Tests.csproj", "{DE7DF284-C21E-4344-A027-1F653218AA0D}"
EndProject
Global
	GlobalSection(SolutionConfigurationPlatforms) = preSolution
		Debug|Any CPU = Debug|Any CPU
		Debug|x64 = Debug|x64
		Debug|x86 = Debug|x86
		Release|Any CPU = Release|Any CPU
		Release|x64 = Release|x64
		Release|x86 = Release|x86
	EndGlobalSection
	GlobalSection(ProjectConfigurationPlatforms) = postSolution
		{59591771-8896-C869-B99D-A92DA24213D0}.Debug|Any CPU.ActiveCfg = Debug|Any CPU
		{59591771-8896-C869-B99D-A92DA24213D0}.Debug|Any CPU.Build.0 = Debug|Any CPU
		{59591771-8896-C869-B99D-A92DA24213D0}.Debug|x64.ActiveCfg = Debug|Any CPU
		{59591771-8896-C869-B99D-A92DA24213D0}.Debug|x64.Build.0 = Debug|Any CPU
		{59591771-8896-C869-B99D-A92DA24213D0}.Debug|x86.ActiveCfg = Debug|Any CPU
		{59591771-8896-C869-B99D-A92DA24213D0}.Debug|x86.Build.0 = Debug|Any CPU
		{59591771-8896-C869-B99D-A92DA24213D0}.Release|Any CPU.ActiveCfg = Release|Any CPU
		{59591771-8896-C869-B99D-A92DA24213D0}.Release|Any CPU.Build.0 = Release|Any CPU
		{59591771-8896-C869-B99D-A92DA24213D0}.Release|x64.ActiveCfg = Release|Any CPU
		{59591771-8896-C869-B99D-A92DA24213D0}.Release|x64.Build.0 = Release|Any CPU
		{59591771-8896-C869-B99D-A92DA24213D0}.Release|x86.ActiveCfg = Release|Any CPU
		{59591771-8896-C869-B99D-A92DA24213D0}.Release|x86.Build.0 = Release|Any CPU
		{CB92B8D0-F085-CD80-B60C-39C8B4162C46}.Debug|Any CPU.ActiveCfg = Debug|Any CPU
		{CB92B8D0-F085-CD80-B60C-39C8B4162C46}.Debug|Any CPU.Build.0 = Debug|Any CPU
		{CB92B8D0-F085-CD80-B60C-39C8B4162C46}.Debug|x64.ActiveCfg = Debug|Any CPU
		{CB92B8D0-F085-CD80-B60C-39C8B4162C46}.Debug|x64.Build.0 = Debug|Any CPU
		{CB92B8D0-F085-CD80-B60C-39C8B4162C46}.Debug|x86.ActiveCfg = Debug|Any CPU
		{CB92B8D0-F085-CD80-B60C-39C8B4162C46}.Debug|x86.Build.0 = Debug|Any CPU
		{CB92B8D0-F085-CD80-B60C-39C8B4162C46}.Release|Any CPU.ActiveCfg = Release|Any CPU
		{CB92B8D0-F085-CD80-B60C-39C8B4162C46}.Release|Any CPU.Build.0 = Release|Any CPU
		{CB92B8D0-F085-CD80-B60C-39C8B4162C46}.Release|x64.ActiveCfg = Release|Any CPU
		{CB92B8D0-F085-CD80-B60C-39C8B4162C46}.Release|x64.Build.0 = Release|Any CPU
		{CB92B8D0-F085-CD80-B60C-39C8B4162C46}.Release|x86.ActiveCfg = Release|Any CPU
		{CB92B8D0-F085-CD80-B60C-39C8B4162C46}.Release|x86.Build.0 = Release|Any CPU
		{D4E5F6A7-B8C9-D0E1-F2A3-B4C5D6E7F8A9}.Debug|Any CPU.ActiveCfg = Debug|Any CPU
		{D4E5F6A7-B8C9-D0E1-F2A3-B4C5D6E7F8A9}.Debug|Any CPU.Build.0 = Debug|Any CPU
		{D4E5F6A7-B8C9-D0E1-F2A3-B4C5D6E7F8A9}.Debug|x64.ActiveCfg = Debug|Any CPU
		{D4E5F6A7-B8C9-D0E1-F2A3-B4C5D6E7F8A9}.Debug|x64.Build.0 = Debug|Any CPU
		{D4E5F6A7-B8C9-D0E1-F2A3-B4C5D6E7F8A9}.Debug|x86.ActiveCfg = Debug|Any CPU
		{D4E5F6A7-B8C9-D0E1-F2A3-B4C5D6E7F8A9}.Debug|x86.Build.0 = Debug|Any CPU
		{D4E5F6A7-B8C9-D0E1-F2A3-B4C5D6E7F8A9}.Release|Any CPU.ActiveCfg = Release|Any CPU
		{D4E5F6A7-B8C9-D0E1-F2A3-B4C5D6E7F8A9}.Release|Any CPU.Build.0 = Release|Any CPU
		{D4E5F6A7-B8C9-D0E1-F2A3-B4C5D6E7F8A9}.Release|x64.ActiveCfg = Release|Any CPU
		{D4E5F6A7-B8C9-D0E1-F2A3-B4C5D6E7F8A9}.Release|x64.Build.0 = Release|Any CPU
		{D4E5F6A7-B8C9-D0E1-F2A3-B4C5D6E7F8A9}.Release|x86.ActiveCfg = Release|Any CPU
		{D4E5F6A7-B8C9-D0E1-F2A3-B4C5D6E7F8A9}.Release|x86.Build.0 = Release|Any CPU
		{B86CB985-DC84-4D8A-8E4A-EAC32684640B}.Debug|Any CPU.ActiveCfg = Debug|Any CPU
		{B86CB985-DC84-4D8A-8E4A-EAC32684640B}.Debug|Any CPU.Build.0 = Debug|Any CPU
		{B86CB985-DC84-4D8A-8E4A-EAC32684640B}.Debug|x64.ActiveCfg = Debug|Any CPU
		{B86CB985-DC84-4D8A-8E4A-EAC32684640B}.Debug|x64.Build.0 = Debug|Any CPU
		{B86CB985-DC84-4D8A-8E4A-EAC32684640B}.Debug|x86.ActiveCfg = Debug|Any CPU
		{B86CB985-DC84-4D8A-8E4A-EAC32684640B}.Debug|x86.Build.0 = Debug|Any CPU
		{B86CB985-DC84-4D8A-8E4A-EAC32684640B}.Release|Any CPU.ActiveCfg = Release|Any CPU
		{B86CB985-DC84-4D8A-8E4A-EAC32684640B}.Release|Any CPU.Build.0 = Release|Any CPU
		{B86CB985-DC84-4D8A-8E4A-EAC32684640B}.Release|x64.ActiveCfg = Release|Any CPU
		{B86CB985-DC84-4D8A-8E4A-EAC32684640B}.Release|x64.Build.0 = Release|Any CPU
		{B86CB985-DC84-4D8A-8E4A-EAC32684640B}.Release|x86.ActiveCfg = Release|Any CPU
		{B86CB985-DC84-4D8A-8E4A-EAC32684640B}.Release|x86.Build.0 = Release|Any CPU
		{01065DF6-9E3B-49B1-9BC6-57D2E2D5CCD6}.Debug|Any CPU.ActiveCfg = Debug|Any CPU
		{01065DF6-9E3B-49B1-9BC6-57D2E2D5CCD6}.Debug|Any CPU.Build.0 = Debug|Any CPU
		{01065DF6-9E3B-49B1-9BC6-57D2E2D5CCD6}.Debug|x64.ActiveCfg = Debug|Any CPU
		{01065DF6-9E3B-49B1-9BC6-57D2E2D5CCD6}.Debug|x64.Build.0 = Debug|Any CPU
		{01065DF6-9E3B-49B1-9BC6-57D2E2D5CCD6}.Debug|x86.ActiveCfg = Debug|Any CPU
		{01065DF6-9E3B-49B1-9BC6-57D2E2D5CCD6}.Debug|x86.Build.0 = Debug|Any CPU
		{01065DF6-9E3B-49B1-9BC6-57D2E2D5CCD6}.Release|Any CPU.ActiveCfg = Release|Any CPU
		{01065DF6-9E3B-49B1-9BC6-57D2E2D5CCD6}.Release|Any CPU.Build.0 = Release|Any CPU
		{01065DF6-9E3B-49B1-9BC6-57D2E2D5CCD6}.Release|x64.ActiveCfg = Release|Any CPU
		{01065DF6-9E3B-49B1-9BC6-57D2E2D5CCD6}.Release|x64.Build.0 = Release|Any CPU
		{01065DF6-9E3B-49B1-9BC6-57D2E2D5CCD6}.Release|x86.ActiveCfg = Release|Any CPU
		{01065DF6-9E3B-49B1-9BC6-57D2E2D5CCD6}.Release|x86.Build.0 = Release|Any CPU
		{B83B7D5D-ABF4-4A25-AE5E-1C999AA6C075}.Debug|Any CPU.ActiveCfg = Debug|Any CPU
		{B83B7D5D-ABF4-4A25-AE5E-1C999AA6C075}.Debug|Any CPU.Build.0 = Debug|Any CPU
		{B83B7D5D-ABF4-4A25-AE5E-1C999AA6C075}.Debug|x64.ActiveCfg = Debug|Any CPU
		{B83B7D5D-ABF4-4A25-AE5E-1C999AA6C075}.Debug|x64.Build.0 = Debug|Any CPU
		{B83B7D5D-ABF4-4A25-AE5E-1C999AA6C075}.Debug|x86.ActiveCfg = Debug|Any CPU
		{B83B7D5D-ABF4-4A25-AE5E-1C999AA6C075}.Debug|x86.Build.0 = Debug|Any CPU
		{B83B7D5D-ABF4-4A25-AE5E-1C999AA6C075}.Release|Any CPU.ActiveCfg = Release|Any CPU
		{B83B7D5D-ABF4-4A25-AE5E-1C999AA6C075}.Release|Any CPU.Build.0 = Release|Any CPU
		{B83B7D5D-ABF4-4A25-AE5E-1C999AA6C075}.Release|x64.ActiveCfg = Release|Any CPU
		{B83B7D5D-ABF4-4A25-AE5E-1C999AA6C075}.Release|x64.Build.0 = Release|Any CPU
		{B83B7D5D-ABF4-4A25-AE5E-1C999AA6C075}.Release|x86.ActiveCfg = Release|Any CPU
		{B83B7D5D-ABF4-4A25-AE5E-1C999AA6C075}.Release|x86.Build.0 = Release|Any CPU
		{CEDCF367-9E17-4128-AA60-2F30FBB63677}.Debug|Any CPU.ActiveCfg = Debug|Any CPU
		{CEDCF367-9E17-4128-AA60-2F30FBB63677}.Debug|Any CPU.Build.0 = Debug|Any CPU
		{CEDCF367-9E17-4128-AA60-2F30FBB63677}.Debug|x64.ActiveCfg = Debug|Any CPU
		{CEDCF367-9E17-4128-AA60-2F30FBB63677}.Debug|x64.Build.0 = Debug|Any CPU
		{CEDCF367-9E17-4128-AA60-2F30FBB63677}.Debug|x86.ActiveCfg = Debug|Any CPU
		{CEDCF367-9E17-4128-AA60-2F30FBB63677}.Debug|x86.Build.0 = Debug|Any CPU
		{CEDCF367-9E17-4128-AA60-2F30FBB63677}.Release|Any CPU.ActiveCfg = Release|Any CPU
		{CEDCF367-9E17-4128-AA60-2F30FBB63677}.Release|Any CPU.Build.0 = Release|Any CPU
		{CEDCF367-9E17-4128-AA60-2F30FBB63677}.Release|x64.ActiveCfg = Release|Any CPU
		{CEDCF367-9E17-4128-AA60-2F30FBB63677}.Release|x64.Build.0 = Release|Any CPU
		{CEDCF367-9E17-4128-AA60-2F30FBB63677}.Release|x86.ActiveCfg = Release|Any CPU
		{CEDCF367-9E17-4128-AA60-2F30FBB63677}.Release|x86.Build.0 = Release|Any CPU
		{DE7DF284-C21E-4344-A027-1F653218AA0D}.Debug|Any CPU.ActiveCfg = Debug|Any CPU
		{DE7DF284-C21E-4344-A027-1F653218AA0D}.Debug|Any CPU.Build.0 = Debug|Any CPU
		{DE7DF284-C21E-4344-A027-1F653218AA0D}.Debug|x64.ActiveCfg = Debug|Any CPU
		{DE7DF284-C21E-4344-A027-1F653218AA0D}.Debug|x64.Build.0 = Debug|Any CPU
		{DE7DF284-C21E-4344-A027-1F653218AA0D}.Debug|x86.ActiveCfg = Debug|Any CPU
		{DE7DF284-C21E-4344-A027-1F653218AA0D}.Debug|x86.Build.0 = Debug|Any CPU
		{DE7DF284-C21E-4344-A027-1F653218AA0D}.Release|Any CPU.ActiveCfg = Release|Any CPU
		{DE7DF284-C21E-4344-A027-1F653218AA0D}.Release|Any CPU.Build.0 = Release|Any CPU
		{DE7DF284-C21E-4344-A027-1F653218AA0D}.Release|x64.ActiveCfg = Release|Any CPU
		{DE7DF284-C21E-4344-A027-1F653218AA0D}.Release|x64.Build.0 = Release|Any CPU
		{DE7DF284-C21E-4344-A027-1F653218AA0D}.Release|x86.ActiveCfg = Release|Any CPU
		{DE7DF284-C21E-4344-A027-1F653218AA0D}.Release|x86.Build.0 = Release|Any CPU
	EndGlobalSection
	GlobalSection(SolutionProperties) = preSolution
		HideSolutionNode = FALSE
	EndGlobalSection
	GlobalSection(NestedProjects) = preSolution
		{59591771-8896-C869-B99D-A92DA24213D0} = {827E0CD3-B72D-47B6-A68D-7590B98EB39B}
		{CB92B8D0-F085-CD80-B60C-39C8B4162C46} = {827E0CD3-B72D-47B6-A68D-7590B98EB39B}
		{D4E5F6A7-B8C9-D0E1-F2A3-B4C5D6E7F8A9} = {827E0CD3-B72D-47B6-A68D-7590B98EB39B}
		{B86CB985-DC84-4D8A-8E4A-EAC32684640B} = {827E0CD3-B72D-47B6-A68D-7590B98EB39B}
		{01065DF6-9E3B-49B1-9BC6-57D2E2D5CCD6} = {0AB3BF05-4346-4AA6-1389-037BE0695223}
		{B83B7D5D-ABF4-4A25-AE5E-1C999AA6C075} = {0AB3BF05-4346-4AA6-1389-037BE0695223}
		{CEDCF367-9E17-4128-AA60-2F30FBB63677} = {0AB3BF05-4346-4AA6-1389-037BE0695223}
		{DE7DF284-C21E-4344-A027-1F653218AA0D} = {0AB3BF05-4346-4AA6-1389-037BE0695223}
	EndGlobalSection
	GlobalSection(ExtensibilityGlobals) = postSolution
		SolutionGuid = {B1C723CF-39B4-4BCC-AE29-480B6BEB50A8}
	EndGlobalSection
EndGlobal
